
Microsoft Visual Studio Solution File, Format Version 12.00
# Visual Studio Version 17
VisualStudioVersion = 17.14.36511.14 d17.14
MinimumVisualStudioVersion = 10.0.40219.1
Project("{FAE04EC0-301F-11D3-BF4B-00C04F79EFBC}") = "Lab1.2", "Lab1.2\Lab1.2.csproj", "{10411939-5B20-4898-A30C-26BC02EA91D5}"
EndProject
Global
	GlobalSection(SolutionConfigurationPlatforms) = preSolution
		Debug|Any CPU = Debug|Any CPU
		Release|Any CPU = Release|Any CPU
	EndGlobalSection
	GlobalSection(ProjectConfigurationPlatforms) = postSolution
		{10411939-5B20-4898-A30C-26BC02EA91D5}.Debug|Any CPU.ActiveCfg = Debug|Any CPU
		{10411939-5B20-4898-A30C-26BC02EA91D5}.Debug|Any CPU.Build.0 = Debug|Any CPU
		{10411939-5B20-4898-A30C-26BC02EA91D5}.Release|Any CPU.ActiveCfg = Release|Any CPU
		{10411939-5B20-4898-A30C-26BC02EA91D5}.Release|Any CPU.Build.0 = Release|Any CPU
	EndGlobalSection
	GlobalSection(SolutionProperties) = preSolution
		HideSolutionNode = FALSE
	EndGlobalSection
	GlobalSection(ExtensibilityGlobals) = postSolution
		SolutionGuid = {16112ED4-7911-407B-9DDB-02B1D168757B}
	EndGlobalSection
EndGlobal
